
Microsoft Visual Studio Solution File, Format Version 12.00
# Visual Studio Version 17
VisualStudioVersion = 17.0.32112.339
MinimumVisualStudioVersion = 10.0.40219.1
Project("{FAE04EC0-301F-11D3-BF4B-00C04F79EFBC}") = "UserRegistration_Reflection", "UserRegistration_Reflection\UserRegistration_Reflection.csproj", "{CF60AAE3-DE8E-42D9-BC5D-74557E6EE9D4}"
EndProject
Global
	GlobalSection(SolutionConfigurationPlatforms) = preSolution
		Debug|Any CPU = Debug|Any CPU
		Release|Any CPU = Release|Any CPU
	EndGlobalSection
	GlobalSection(ProjectConfigurationPlatforms) = postSolution
		{CF60AAE3-DE8E-42D9-BC5D-74557E6EE9D4}.Debug|Any CPU.ActiveCfg = Debug|Any CPU
		{CF60AAE3-DE8E-42D9-BC5D-74557E6EE9D4}.Debug|Any CPU.Build.0 = Debug|Any CPU
		{CF60AAE3-DE8E-42D9-BC5D-74557E6EE9D4}.Release|Any CPU.ActiveCfg = Release|Any CPU
		{CF60AAE3-DE8E-42D9-BC5D-74557E6EE9D4}.Release|Any CPU.Build.0 = Release|Any CPU
	EndGlobalSection
	GlobalSection(SolutionProperties) = preSolution
		HideSolutionNode = FALSE
	EndGlobalSection
	GlobalSection(ExtensibilityGlobals) = postSolution
		SolutionGuid = {574060BA-E4CF-45FD-B29C-700B7C6E4C9D}
	EndGlobalSection
EndGlobal
